
Microsoft Visual Studio Solution File, Format Version 11.00
# Visual Studio 2010
Project("{FAE04EC0-301F-11D3-BF4B-00C04F79EFBC}") = "Deform", "Deform.csproj", "{34148868-6AC9-29E7-25A0-9E50FA228FFF}"
EndProject
Project("{FAE04EC0-301F-11D3-BF4B-00C04F79EFBC}") = "Fungus", "Fungus.csproj", "{4FA92FF1-FA99-85B4-B440-D25DE57CCCF8}"
EndProject
Project("{FAE04EC0-301F-11D3-BF4B-00C04F79EFBC}") = "Assembly-CSharp", "Assembly-CSharp.csproj", "{976CAFBE-38D7-176A-16F0-1BBF502F13E6}"
EndProject
Project("{FAE04EC0-301F-11D3-BF4B-00C04F79EFBC}") = "FungusExamples", "FungusExamples.csproj", "{8CCD314A-7191-5132-5293-13AFA66FC394}"
EndProject
Project("{FAE04EC0-301F-11D3-BF4B-00C04F79EFBC}") = "Assembly-CSharp-firstpass", "Assembly-CSharp-firstpass.csproj", "{0B0A0061-727F-AE5D-BFE7-0F52961E7910}"
EndProject
Project("{FAE04EC0-301F-11D3-BF4B-00C04F79EFBC}") = "Beans.Unity.Collections", "Beans.Unity.Collections.csproj", "{22E85863-DF82-DA23-C67B-E45FD0FEDABE}"
EndProject
Project("{FAE04EC0-301F-11D3-BF4B-00C04F79EFBC}") = "Beans.Unity.Mathematics", "Beans.Unity.Mathematics.csproj", "{A6B000A2-0136-ECE9-9C6C-42DB25B0C33C}"
EndProject
Project("{FAE04EC0-301F-11D3-BF4B-00C04F79EFBC}") = "FungusPlayModeTests", "FungusPlayModeTests.csproj", "{4794A343-D665-A125-8443-703020A32FC0}"
EndProject
Project("{FAE04EC0-301F-11D3-BF4B-00C04F79EFBC}") = "DeformEditor", "DeformEditor.csproj", "{41D43680-2B0D-6545-7C4B-4E4C2700F759}"
EndProject
Project("{FAE04EC0-301F-11D3-BF4B-00C04F79EFBC}") = "FungusEditor", "FungusEditor.csproj", "{8FFB1B6E-3030-1934-D673-9F5FDF24FE90}"
EndProject
Project("{FAE04EC0-301F-11D3-BF4B-00C04F79EFBC}") = "FungusEditorTests", "FungusEditorTests.csproj", "{5181065A-BD08-7D10-D75C-13BD6E99E2B4}"
EndProject
Project("{FAE04EC0-301F-11D3-BF4B-00C04F79EFBC}") = "Beans.Unity.Editor", "Beans.Unity.Editor.csproj", "{677C9A34-7B35-AC1E-8AB4-91A1773CEFF1}"
EndProject
Project("{FAE04EC0-301F-11D3-BF4B-00C04F79EFBC}") = "Fungus.FungusLuaEditor", "Fungus.FungusLuaEditor.csproj", "{49C4E336-5296-87ED-5E10-935F06F79695}"
EndProject
Project("{FAE04EC0-301F-11D3-BF4B-00C04F79EFBC}") = "Fungus.LineEndingsEditor", "Fungus.LineEndingsEditor.csproj", "{18936352-4B70-9C61-8094-AB66700FDE13}"
EndProject
Project("{FAE04EC0-301F-11D3-BF4B-00C04F79EFBC}") = "Fungus.FungusLuaJSONCheckerEditor", "Fungus.FungusLuaJSONCheckerEditor.csproj", "{008A5657-4BA6-BB58-F030-8B1A348CFF46}"
EndProject
Project("{FAE04EC0-301F-11D3-BF4B-00C04F79EFBC}") = "Fungus.UsfxrEditor", "Fungus.UsfxrEditor.csproj", "{615970B5-C261-EDC3-5652-3401E870B80B}"
EndProject
Global
	GlobalSection(SolutionConfigurationPlatforms) = preSolution
		Debug|Any CPU = Debug|Any CPU
		Release|Any CPU = Release|Any CPU
	EndGlobalSection
	GlobalSection(ProjectConfigurationPlatforms) = postSolution
		{34148868-6AC9-29E7-25A0-9E50FA228FFF}.Debug|Any CPU.ActiveCfg = Debug|Any CPU
		{34148868-6AC9-29E7-25A0-9E50FA228FFF}.Debug|Any CPU.Build.0 = Debug|Any CPU
		{34148868-6AC9-29E7-25A0-9E50FA228FFF}.Release|Any CPU.ActiveCfg = Release|Any CPU
		{34148868-6AC9-29E7-25A0-9E50FA228FFF}.Release|Any CPU.Build.0 = Release|Any CPU
		{4FA92FF1-FA99-85B4-B440-D25DE57CCCF8}.Debug|Any CPU.ActiveCfg = Debug|Any CPU
		{4FA92FF1-FA99-85B4-B440-D25DE57CCCF8}.Debug|Any CPU.Build.0 = Debug|Any CPU
		{4FA92FF1-FA99-85B4-B440-D25DE57CCCF8}.Release|Any CPU.ActiveCfg = Release|Any CPU
		{4FA92FF1-FA99-85B4-B440-D25DE57CCCF8}.Release|Any CPU.Build.0 = Release|Any CPU
		{976CAFBE-38D7-176A-16F0-1BBF502F13E6}.Debug|Any CPU.ActiveCfg = Debug|Any CPU
		{976CAFBE-38D7-176A-16F0-1BBF502F13E6}.Debug|Any CPU.Build.0 = Debug|Any CPU
		{976CAFBE-38D7-176A-16F0-1BBF502F13E6}.Release|Any CPU.ActiveCfg = Release|Any CPU
		{976CAFBE-38D7-176A-16F0-1BBF502F13E6}.Release|Any CPU.Build.0 = Release|Any CPU
		{8CCD314A-7191-5132-5293-13AFA66FC394}.Debug|Any CPU.ActiveCfg = Debug|Any CPU
		{8CCD314A-7191-5132-5293-13AFA66FC394}.Debug|Any CPU.Build.0 = Debug|Any CPU
		{8CCD314A-7191-5132-5293-13AFA66FC394}.Release|Any CPU.ActiveCfg = Release|Any CPU
		{8CCD314A-7191-5132-5293-13AFA66FC394}.Release|Any CPU.Build.0 = Release|Any CPU
		{0B0A0061-727F-AE5D-BFE7-0F52961E7910}.Debug|Any CPU.ActiveCfg = Debug|Any CPU
		{0B0A0061-727F-AE5D-BFE7-0F52961E7910}.Debug|Any CPU.Build.0 = Debug|Any CPU
		{0B0A0061-727F-AE5D-BFE7-0F52961E7910}.Release|Any CPU.ActiveCfg = Release|Any CPU
		{0B0A0061-727F-AE5D-BFE7-0F52961E7910}.Release|Any CPU.Build.0 = Release|Any CPU
		{22E85863-DF82-DA23-C67B-E45FD0FEDABE}.Debug|Any CPU.ActiveCfg = Debug|Any CPU
		{22E85863-DF82-DA23-C67B-E45FD0FEDABE}.Debug|Any CPU.Build.0 = Debug|Any CPU
		{22E85863-DF82-DA23-C67B-E45FD0FEDABE}.Release|Any CPU.ActiveCfg = Release|Any CPU
		{22E85863-DF82-DA23-C67B-E45FD0FEDABE}.Release|Any CPU.Build.0 = Release|Any CPU
		{A6B000A2-0136-ECE9-9C6C-42DB25B0C33C}.Debug|Any CPU.ActiveCfg = Debug|Any CPU
		{A6B000A2-0136-ECE9-9C6C-42DB25B0C33C}.Debug|Any CPU.Build.0 = Debug|Any CPU
		{A6B000A2-0136-ECE9-9C6C-42DB25B0C33C}.Release|Any CPU.ActiveCfg = Release|Any CPU
		{A6B000A2-0136-ECE9-9C6C-42DB25B0C33C}.Release|Any CPU.Build.0 = Release|Any CPU
		{4794A343-D665-A125-8443-703020A32FC0}.Debug|Any CPU.ActiveCfg = Debug|Any CPU
		{4794A343-D665-A125-8443-703020A32FC0}.Debug|Any CPU.Build.0 = Debug|Any CPU
		{4794A343-D665-A125-8443-703020A32FC0}.Release|Any CPU.ActiveCfg = Release|Any CPU
		{4794A343-D665-A125-8443-703020A32FC0}.Release|Any CPU.Build.0 = Release|Any CPU
		{41D43680-2B0D-6545-7C4B-4E4C2700F759}.Debug|Any CPU.ActiveCfg = Debug|Any CPU
		{41D43680-2B0D-6545-7C4B-4E4C2700F759}.Debug|Any CPU.Build.0 = Debug|Any CPU
		{41D43680-2B0D-6545-7C4B-4E4C2700F759}.Release|Any CPU.ActiveCfg = Release|Any CPU
		{41D43680-2B0D-6545-7C4B-4E4C2700F759}.Release|Any CPU.Build.0 = Release|Any CPU
		{8FFB1B6E-3030-1934-D673-9F5FDF24FE90}.Debug|Any CPU.ActiveCfg = Debug|Any CPU
		{8FFB1B6E-3030-1934-D673-9F5FDF24FE90}.Debug|Any CPU.Build.0 = Debug|Any CPU
		{8FFB1B6E-3030-1934-D673-9F5FDF24FE90}.Release|Any CPU.ActiveCfg = Release|Any CPU
		{8FFB1B6E-3030-1934-D673-9F5FDF24FE90}.Release|Any CPU.Build.0 = Release|Any CPU
		{5181065A-BD08-7D10-D75C-13BD6E99E2B4}.Debug|Any CPU.ActiveCfg = Debug|Any CPU
		{5181065A-BD08-7D10-D75C-13BD6E99E2B4}.Debug|Any CPU.Build.0 = Debug|Any CPU
		{5181065A-BD08-7D10-D75C-13BD6E99E2B4}.Release|Any CPU.ActiveCfg = Release|Any CPU
		{5181065A-BD08-7D10-D75C-13BD6E99E2B4}.Release|Any CPU.Build.0 = Release|Any CPU
		{677C9A34-7B35-AC1E-8AB4-91A1773CEFF1}.Debug|Any CPU.ActiveCfg = Debug|Any CPU
		{677C9A34-7B35-AC1E-8AB4-91A1773CEFF1}.Debug|Any CPU.Build.0 = Debug|Any CPU
		{677C9A34-7B35-AC1E-8AB4-91A1773CEFF1}.Release|Any CPU.ActiveCfg = Release|Any CPU
		{677C9A34-7B35-AC1E-8AB4-91A1773CEFF1}.Release|Any CPU.Build.0 = Release|Any CPU
		{49C4E336-5296-87ED-5E10-935F06F79695}.Debug|Any CPU.ActiveCfg = Debug|Any CPU
		{49C4E336-5296-87ED-5E10-935F06F79695}.Debug|Any CPU.Build.0 = Debug|Any CPU
		{49C4E336-5296-87ED-5E10-935F06F79695}.Release|Any CPU.ActiveCfg = Release|Any CPU
		{49C4E336-5296-87ED-5E10-935F06F79695}.Release|Any CPU.Build.0 = Release|Any CPU
		{18936352-4B70-9C61-8094-AB66700FDE13}.Debug|Any CPU.ActiveCfg = Debug|Any CPU
		{18936352-4B70-9C61-8094-AB66700FDE13}.Debug|Any CPU.Build.0 = Debug|Any CPU
		{18936352-4B70-9C61-8094-AB66700FDE13}.Release|Any CPU.ActiveCfg = Release|Any CPU
		{18936352-4B70-9C61-8094-AB66700FDE13}.Release|Any CPU.Build.0 = Release|Any CPU
		{008A5657-4BA6-BB58-F030-8B1A348CFF46}.Debug|Any CPU.ActiveCfg = Debug|Any CPU
		{008A5657-4BA6-BB58-F030-8B1A348CFF46}.Debug|Any CPU.Build.0 = Debug|Any CPU
		{008A5657-4BA6-BB58-F030-8B1A348CFF46}.Release|Any CPU.ActiveCfg = Release|Any CPU
		{008A5657-4BA6-BB58-F030-8B1A348CFF46}.Release|Any CPU.Build.0 = Release|Any CPU
		{615970B5-C261-EDC3-5652-3401E870B80B}.Debug|Any CPU.ActiveCfg = Debug|Any CPU
		{615970B5-C261-EDC3-5652-3401E870B80B}.Debug|Any CPU.Build.0 = Debug|Any CPU
		{615970B5-C261-EDC3-5652-3401E870B80B}.Release|Any CPU.ActiveCfg = Release|Any CPU
		{615970B5-C261-EDC3-5652-3401E870B80B}.Release|Any CPU.Build.0 = Release|Any CPU
	EndGlobalSection
	GlobalSection(SolutionProperties) = preSolution
		HideSolutionNode = FALSE
	EndGlobalSection
EndGlobal
