
Microsoft Visual Studio Solution File, Format Version 12.00
# Visual Studio 15
Project("{FAE04EC0-301F-11D3-BF4B-00C04F79EFBC}") = "Deform", "Deform.csproj", "{20AFD6BB-16D6-108D-2F5A-5E02B7B614D3}"
EndProject
Project("{FAE04EC0-301F-11D3-BF4B-00C04F79EFBC}") = "Assembly-CSharp", "Assembly-CSharp.csproj", "{F4E61BC2-9F3B-4640-A5D5-AB32A66B8E1F}"
EndProject
Project("{FAE04EC0-301F-11D3-BF4B-00C04F79EFBC}") = "Beans.Unity.Collections", "Beans.Unity.Collections.csproj", "{98D4F2CF-4E2F-AE05-DE31-FC73D57BF1DB}"
EndProject
Project("{FAE04EC0-301F-11D3-BF4B-00C04F79EFBC}") = "Beans.Unity.Mathematics", "Beans.Unity.Mathematics.csproj", "{ECA0B459-65DC-DEA7-A826-172A0FE570D9}"
EndProject
Project("{FAE04EC0-301F-11D3-BF4B-00C04F79EFBC}") = "DeformEditor", "DeformEditor.csproj", "{F4C8EAA0-DEFB-585F-65B9-24D5F0D5D953}"
EndProject
Project("{FAE04EC0-301F-11D3-BF4B-00C04F79EFBC}") = "Beans.Unity.Editor", "Beans.Unity.Editor.csproj", "{A4A83C9F-7D4D-17F2-03E0-60AE049CB2E0}"
EndProject
Global
	GlobalSection(SolutionConfigurationPlatforms) = preSolution
		Debug|Any CPU = Debug|Any CPU
		Release|Any CPU = Release|Any CPU
	EndGlobalSection
	GlobalSection(ProjectConfigurationPlatforms) = postSolution
		{20AFD6BB-16D6-108D-2F5A-5E02B7B614D3}.Debug|Any CPU.ActiveCfg = Debug|Any CPU
		{20AFD6BB-16D6-108D-2F5A-5E02B7B614D3}.Debug|Any CPU.Build.0 = Debug|Any CPU
		{20AFD6BB-16D6-108D-2F5A-5E02B7B614D3}.Release|Any CPU.ActiveCfg = Release|Any CPU
		{20AFD6BB-16D6-108D-2F5A-5E02B7B614D3}.Release|Any CPU.Build.0 = Release|Any CPU
		{F4E61BC2-9F3B-4640-A5D5-AB32A66B8E1F}.Debug|Any CPU.ActiveCfg = Debug|Any CPU
		{F4E61BC2-9F3B-4640-A5D5-AB32A66B8E1F}.Debug|Any CPU.Build.0 = Debug|Any CPU
		{F4E61BC2-9F3B-4640-A5D5-AB32A66B8E1F}.Release|Any CPU.ActiveCfg = Release|Any CPU
		{F4E61BC2-9F3B-4640-A5D5-AB32A66B8E1F}.Release|Any CPU.Build.0 = Release|Any CPU
		{98D4F2CF-4E2F-AE05-DE31-FC73D57BF1DB}.Debug|Any CPU.ActiveCfg = Debug|Any CPU
		{98D4F2CF-4E2F-AE05-DE31-FC73D57BF1DB}.Debug|Any CPU.Build.0 = Debug|Any CPU
		{98D4F2CF-4E2F-AE05-DE31-FC73D57BF1DB}.Release|Any CPU.ActiveCfg = Release|Any CPU
		{98D4F2CF-4E2F-AE05-DE31-FC73D57BF1DB}.Release|Any CPU.Build.0 = Release|Any CPU
		{ECA0B459-65DC-DEA7-A826-172A0FE570D9}.Debug|Any CPU.ActiveCfg = Debug|Any CPU
		{ECA0B459-65DC-DEA7-A826-172A0FE570D9}.Debug|Any CPU.Build.0 = Debug|Any CPU
		{ECA0B459-65DC-DEA7-A826-172A0FE570D9}.Release|Any CPU.ActiveCfg = Release|Any CPU
		{ECA0B459-65DC-DEA7-A826-172A0FE570D9}.Release|Any CPU.Build.0 = Release|Any CPU
		{F4C8EAA0-DEFB-585F-65B9-24D5F0D5D953}.Debug|Any CPU.ActiveCfg = Debug|Any CPU
		{F4C8EAA0-DEFB-585F-65B9-24D5F0D5D953}.Debug|Any CPU.Build.0 = Debug|Any CPU
		{F4C8EAA0-DEFB-585F-65B9-24D5F0D5D953}.Release|Any CPU.ActiveCfg = Release|Any CPU
		{F4C8EAA0-DEFB-585F-65B9-24D5F0D5D953}.Release|Any CPU.Build.0 = Release|Any CPU
		{A4A83C9F-7D4D-17F2-03E0-60AE049CB2E0}.Debug|Any CPU.ActiveCfg = Debug|Any CPU
		{A4A83C9F-7D4D-17F2-03E0-60AE049CB2E0}.Debug|Any CPU.Build.0 = Debug|Any CPU
		{A4A83C9F-7D4D-17F2-03E0-60AE049CB2E0}.Release|Any CPU.ActiveCfg = Release|Any CPU
		{A4A83C9F-7D4D-17F2-03E0-60AE049CB2E0}.Release|Any CPU.Build.0 = Release|Any CPU
	EndGlobalSection
	GlobalSection(SolutionProperties) = preSolution
		HideSolutionNode = FALSE
	EndGlobalSection
EndGlobal
